
Microsoft Visual Studio Solution File, Format Version 12.00
Project("{FAE04EC0-301F-11D3-BF4B-00C04F79EFBC}") = "lab1GYM", "lab1GYM\lab1GYM.csproj", "{157E4A08-08D2-48CB-9E15-68E192E760A8}"
EndProject
Project("{FAE04EC0-301F-11D3-BF4B-00C04F79EFBC}") = "gymmm", "gymmm\gymmm.csproj", "{DAAF74A8-CA6B-46B9-A9A7-7667FACAE12D}"
EndProject
Global
	GlobalSection(SolutionConfigurationPlatforms) = preSolution
		Debug|Any CPU = Debug|Any CPU
		Release|Any CPU = Release|Any CPU
	EndGlobalSection
	GlobalSection(ProjectConfigurationPlatforms) = postSolution
		{157E4A08-08D2-48CB-9E15-68E192E760A8}.Debug|Any CPU.ActiveCfg = Debug|Any CPU
		{157E4A08-08D2-48CB-9E15-68E192E760A8}.Debug|Any CPU.Build.0 = Debug|Any CPU
		{157E4A08-08D2-48CB-9E15-68E192E760A8}.Release|Any CPU.ActiveCfg = Release|Any CPU
		{157E4A08-08D2-48CB-9E15-68E192E760A8}.Release|Any CPU.Build.0 = Release|Any CPU
		{DAAF74A8-CA6B-46B9-A9A7-7667FACAE12D}.Debug|Any CPU.ActiveCfg = Debug|Any CPU
		{DAAF74A8-CA6B-46B9-A9A7-7667FACAE12D}.Debug|Any CPU.Build.0 = Debug|Any CPU
		{DAAF74A8-CA6B-46B9-A9A7-7667FACAE12D}.Release|Any CPU.ActiveCfg = Release|Any CPU
		{DAAF74A8-CA6B-46B9-A9A7-7667FACAE12D}.Release|Any CPU.Build.0 = Release|Any CPU
	EndGlobalSection
EndGlobal
